{
  "name": "jtl_ppc",
  "version": "0.9.0-beta.1",
  "lockfileVersion": 2,
  "requires": true,
  "packages": {
    "": {
      "name": "jtl_ppc",
      "version": "0.9.0-beta.1",
      "license": "ISC",
      "dependencies": {
        "@paypal/paypal-js": "5.0.1"
      },
      "devDependencies": {}
    },
    "node_modules/@paypal/paypal-js": {
      "version": "5.0.1",
      "resolved": "https://registry.npmjs.org/@paypal/paypal-js/-/paypal-js-5.0.1.tgz",
      "integrity": "sha512-qm17kEm/5w6B3AOx95YWFCb167OVis0/CBqDRQNQUBmDjqEe15qxk3U8LLxKeVvIyij5agx4gAyVcwkd8f6nVA==",
      "dependencies": {
        "promise-polyfill": "^8.2.1"
      }
    },
    "node_modules/promise-polyfill": {
      "version": "8.2.1",
      "resolved": "https://registry.npmjs.org/promise-polyfill/-/promise-polyfill-8.2.1.tgz",
      "integrity": "sha512-3p9zj0cEHbp7NVUxEYUWjQlffXqnXaZIMPkAO7HhFh8u5636xLRDHOUo2vpWSK0T2mqm6fKLXYn1KP6PAZ2gKg=="
    }
  },
  "dependencies": {
    "@paypal/paypal-js": {
      "version": "5.0.1",
      "resolved": "https://registry.npmjs.org/@paypal/paypal-js/-/paypal-js-5.0.1.tgz",
      "integrity": "sha512-qm17kEm/5w6B3AOx95YWFCb167OVis0/CBqDRQNQUBmDjqEe15qxk3U8LLxKeVvIyij5agx4gAyVcwkd8f6nVA==",
      "requires": {
        "promise-polyfill": "^8.2.1"
      }
    },
    "promise-polyfill": {
      "version": "8.2.1",
      "resolved": "https://registry.npmjs.org/promise-polyfill/-/promise-polyfill-8.2.1.tgz",
      "integrity": "sha512-3p9zj0cEHbp7NVUxEYUWjQlffXqnXaZIMPkAO7HhFh8u5636xLRDHOUo2vpWSK0T2mqm6fKLXYn1KP6PAZ2gKg=="
    }
  }
}
